// !$*UTF8*$!
{
	archiveVersion = 1;
	classes = {
	};
	objectVersion = 50;
	objects = {

/* Begin PBXBuildFile section */
		2A85326A26C10E9D00A2AE35 /* AppDelegate.swift in Sources */ = {isa = PBXBuildFile; fileRef = 2A85326926C10E9D00A2AE35 /* AppDelegate.swift */; };
		2A85326C26C10E9D00A2AE35 /* SceneDelegate.swift in Sources */ = {isa = PBXBuildFile; fileRef = 2A85326B26C10E9D00A2AE35 /* SceneDelegate.swift */; };
		2A85326E26C10E9D00A2AE35 /* ViewController.swift in Sources */ = {isa = PBXBuildFile; fileRef = 2A85326D26C10E9D00A2AE35 /* ViewController.swift */; };
		2A85327126C10E9D00A2AE35 /* Main.storyboard in Resources */ = {isa = PBXBuildFile; fileRef = 2A85326F26C10E9D00A2AE35 /* Main.storyboard */; };
		2A85327326C10E9E00A2AE35 /* Assets.xcassets in Resources */ = {isa = PBXBuildFile; fileRef = 2A85327226C10E9E00A2AE35 /* Assets.xcassets */; };
		2A85327626C10E9E00A2AE35 /* LaunchScreen.storyboard in Resources */ = {isa = PBXBuildFile; fileRef = 2A85327426C10E9E00A2AE35 /* LaunchScreen.storyboard */; };
		2A85328326C24E2900A2AE35 /* lamp_on.png in Resources */ = {isa = PBXBuildFile; fileRef = 2A85328126C24E2900A2AE35 /* lamp_on.png */; };
		2A85328426C24E2900A2AE35 /* lamp_off.png in Resources */ = {isa = PBXBuildFile; fileRef = 2A85328226C24E2900A2AE35 /* lamp_off.png */; };
		2A85328A26C24F8300A2AE35 /* DateViewController.swift in Sources */ = {isa = PBXBuildFile; fileRef = 2A85328926C24F8300A2AE35 /* DateViewController.swift */; };
		2A85328C26C25A4600A2AE35 /* ImageViewController.swift in Sources */ = {isa = PBXBuildFile; fileRef = 2A85328B26C25A4600A2AE35 /* ImageViewController.swift */; };
		2A85328E26C25B1700A2AE35 /* File.png in Resources */ = {isa = PBXBuildFile; fileRef = 2A85328D26C25B1700A2AE35 /* File.png */; };
/* End PBXBuildFile section */

/* Begin PBXFileReference section */
		2A85326626C10E9D00A2AE35 /* Tab.app */ = {isa = PBXFileReference; explicitFileType = wrapper.application; includeInIndex = 0; path = Tab.app; sourceTree = BUILT_PRODUCTS_DIR; };
		2A85326926C10E9D00A2AE35 /* AppDelegate.swift */ = {isa = PBXFileReference; lastKnownFileType = sourcecode.swift; path = AppDelegate.swift; sourceTree = "<group>"; };
		2A85326B26C10E9D00A2AE35 /* SceneDelegate.swift */ = {isa = PBXFileReference; lastKnownFileType = sourcecode.swift; path = SceneDelegate.swift; sourceTree = "<group>"; };
		2A85326D26C10E9D00A2AE35 /* ViewController.swift */ = {isa = PBXFileReference; lastKnownFileType = sourcecode.swift; path = ViewController.swift; sourceTree = "<group>"; };
		2A85327026C10E9D00A2AE35 /* Base */ = {isa = PBXFileReference; lastKnownFileType = file.storyboard; name = Base; path = Base.lproj/Main.storyboard; sourceTree = "<group>"; };
		2A85327226C10E9E00A2AE35 /* Assets.xcassets */ = {isa = PBXFileReference; lastKnownFileType = folder.assetcatalog; path = Assets.xcassets; sourceTree = "<group>"; };
		2A85327526C10E9E00A2AE35 /* Base */ = {isa = PBXFileReference; lastKnownFileType = file.storyboard; name = Base; path = Base.lproj/LaunchScreen.storyboard; sourceTree = "<group>"; };
		2A85327726C10E9E00A2AE35 /* Info.plist */ = {isa = PBXFileReference; lastKnownFileType = text.plist.xml; path = Info.plist; sourceTree = "<group>"; };
		2A85328126C24E2900A2AE35 /* lamp_on.png */ = {isa = PBXFileReference; lastKnownFileType = image.png; name = lamp_on.png; path = "../../../../Downloads/3장/본문실습이미지/lamp_on.png"; sourceTree = "<group>"; };
		2A85328226C24E2900A2AE35 /* lamp_off.png */ = {isa = PBXFileReference; lastKnownFileType = image.png; name = lamp_off.png; path = "../../../../Downloads/3장/본문실습이미지/lamp_off.png"; sourceTree = "<group>"; };
		2A85328926C24F8300A2AE35 /* DateViewController.swift */ = {isa = PBXFileReference; fileEncoding = 4; lastKnownFileType = sourcecode.swift; name = DateViewController.swift; path = ../../../DatePicker/DatePicker/DateViewController.swift; sourceTree = "<group>"; };
		2A85328B26C25A4600A2AE35 /* ImageViewController.swift */ = {isa = PBXFileReference; fileEncoding = 4; lastKnownFileType = sourcecode.swift; path = ImageViewController.swift; sourceTree = "<group>"; };
		2A85328D26C25B1700A2AE35 /* File.png */ = {isa = PBXFileReference; lastKnownFileType = image.png; path = File.png; sourceTree = "<group>"; };
/* End PBXFileReference section */

/* Begin PBXFrameworksBuildPhase section */
		2A85326326C10E9D00A2AE35 /* Frameworks */ = {
			isa = PBXFrameworksBuildPhase;
			buildActionMask = 2147483647;
			files = (
			);
			runOnlyForDeploymentPostprocessing = 0;
		};
/* End PBXFrameworksBuildPhase section */

/* Begin PBXGroup section */
		2A85325D26C10E9D00A2AE35 = {
			isa = PBXGroup;
			children = (
				2A85326826C10E9D00A2AE35 /* Tab */,
				2A85326726C10E9D00A2AE35 /* Products */,
			);
			sourceTree = "<group>";
		};
		2A85326726C10E9D00A2AE35 /* Products */ = {
			isa = PBXGroup;
			children = (
				2A85326626C10E9D00A2AE35 /* Tab.app */,
			);
			name = Products;
			sourceTree = "<group>";
		};
		2A85326826C10E9D00A2AE35 /* Tab */ = {
			isa = PBXGroup;
			children = (
				2A85328226C24E2900A2AE35 /* lamp_off.png */,
				2A85328126C24E2900A2AE35 /* lamp_on.png */,
				2A85328D26C25B1700A2AE35 /* File.png */,
				2A85326926C10E9D00A2AE35 /* AppDelegate.swift */,
				2A85326B26C10E9D00A2AE35 /* SceneDelegate.swift */,
				2A85326D26C10E9D00A2AE35 /* ViewController.swift */,
				2A85328926C24F8300A2AE35 /* DateViewController.swift */,
				2A85328B26C25A4600A2AE35 /* ImageViewController.swift */,
				2A85326F26C10E9D00A2AE35 /* Main.storyboard */,
				2A85327226C10E9E00A2AE35 /* Assets.xcassets */,
				2A85327426C10E9E00A2AE35 /* LaunchScreen.storyboard */,
				2A85327726C10E9E00A2AE35 /* Info.plist */,
			);
			path = Tab;
			sourceTree = "<group>";
		};
/* End PBXGroup section */

/* Begin PBXNativeTarget section */
		2A85326526C10E9D00A2AE35 /* Tab */ = {
			isa = PBXNativeTarget;
			buildConfigurationList = 2A85327A26C10E9E00A2AE35 /* Build configuration list for PBXNativeTarget "Tab" */;
			buildPhases = (
				2A85326226C10E9D00A2AE35 /* Sources */,
				2A85326326C10E9D00A2AE35 /* Frameworks */,
				2A85326426C10E9D00A2AE35 /* Resources */,
			);
			buildRules = (
			);
			dependencies = (
			);
			name = Tab;
			productName = Tab;
			productReference = 2A85326626C10E9D00A2AE35 /* Tab.app */;
			productType = "com.apple.product-type.application";
		};
/* End PBXNativeTarget section */

/* Begin PBXProject section */
		2A85325E26C10E9D00A2AE35 /* Project object */ = {
			isa = PBXProject;
			attributes = {
				LastSwiftUpdateCheck = 1250;
				LastUpgradeCheck = 1250;
				TargetAttributes = {
					2A85326526C10E9D00A2AE35 = {
						CreatedOnToolsVersion = 12.5.1;
					};
				};
			};
			buildConfigurationList = 2A85326126C10E9D00A2AE35 /* Build configuration list for PBXProject "Tab" */;
			compatibilityVersion = "Xcode 9.3";
			developmentRegion = en;
			hasScannedForEncodings = 0;
			knownRegions = (
				en,
				Base,
			);
			mainGroup = 2A85325D26C10E9D00A2AE35;
			productRefGroup = 2A85326726C10E9D00A2AE35 /* Products */;
			projectDirPath = "";
			projectRoot = "";
			targets = (
				2A85326526C10E9D00A2AE35 /* Tab */,
			);
		};
/* End PBXProject section */

/* Begin PBXResourcesBuildPhase section */
		2A85326426C10E9D00A2AE35 /* Resources */ = {
			isa = PBXResourcesBuildPhase;
			buildActionMask = 2147483647;
			files = (
				2A85328326C24E2900A2AE35 /* lamp_on.png in Resources */,
				2A85327626C10E9E00A2AE35 /* LaunchScreen.storyboard in Resources */,
				2A85328426C24E2900A2AE35 /* lamp_off.png in Resources */,
				2A85328E26C25B1700A2AE35 /* File.png in Resources */,
				2A85327326C10E9E00A2AE35 /* Assets.xcassets in Resources */,
				2A85327126C10E9D00A2AE35 /* Main.storyboard in Resources */,
			);
			runOnlyForDeploymentPostprocessing = 0;
		};
/* End PBXResourcesBuildPhase section */

/* Begin PBXSourcesBuildPhase section */
		2A85326226C10E9D00A2AE35 /* Sources */ = {
			isa = PBXSourcesBuildPhase;
			buildActionMask = 2147483647;
			files = (
				2A85328A26C24F8300A2AE35 /* DateViewController.swift in Sources */,
				2A85326E26C10E9D00A2AE35 /* ViewController.swift in Sources */,
				2A85328C26C25A4600A2AE35 /* ImageViewController.swift in Sources */,
				2A85326A26C10E9D00A2AE35 /* AppDelegate.swift in Sources */,
				2A85326C26C10E9D00A2AE35 /* SceneDelegate.swift in Sources */,
			);
			runOnlyForDeploymentPostprocessing = 0;
		};
/* End PBXSourcesBuildPhase section */

/* Begin PBXVariantGroup section */
		2A85326F26C10E9D00A2AE35 /* Main.storyboard */ = {
			isa = PBXVariantGroup;
			children = (
				2A85327026C10E9D00A2AE35 /* Base */,
			);
			name = Main.storyboard;
			sourceTree = "<group>";
		};
		2A85327426C10E9E00A2AE35 /* LaunchScreen.storyboard */ = {
			isa = PBXVariantGroup;
			children = (
				2A85327526C10E9E00A2AE35 /* Base */,
			);
			name = LaunchScreen.storyboard;
			sourceTree = "<group>";
		};
/* End PBXVariantGroup section */

/* Begin XCBuildConfiguration section */
		2A85327826C10E9E00A2AE35 /* Debug */ = {
			isa = XCBuildConfiguration;
			buildSettings = {
				ALWAYS_SEARCH_USER_PATHS = NO;
				CLANG_ANALYZER_NONNULL = YES;
				CLANG_ANALYZER_NUMBER_OBJECT_CONVERSION = YES_AGGRESSIVE;
				CLANG_CXX_LANGUAGE_STANDARD = "gnu++14";
				CLANG_CXX_LIBRARY = "libc++";
				CLANG_ENABLE_MODULES = YES;
				CLANG_ENABLE_OBJC_ARC = YES;
				CLANG_ENABLE_OBJC_WEAK = YES;
				CLANG_WARN_BLOCK_CAPTURE_AUTORELEASING = YES;
				CLANG_WARN_BOOL_CONVERSION = YES;
				CLANG_WARN_COMMA = YES;
				CLANG_WARN_CONSTANT_CONVERSION = YES;
				CLANG_WARN_DEPRECATED_OBJC_IMPLEMENTATIONS = YES;
				CLANG_WARN_DIRECT_OBJC_ISA_USAGE = YES_ERROR;
				CLANG_WARN_DOCUMENTATION_COMMENTS = YES;
				CLANG_WARN_EMPTY_BODY = YES;
				CLANG_WARN_ENUM_CONVERSION = YES;
				CLANG_WARN_INFINITE_RECURSION = YES;
				CLANG_WARN_INT_CONVERSION = YES;
				CLANG_WARN_NON_LITERAL_NULL_CONVERSION = YES;
				CLANG_WARN_OBJC_IMPLICIT_RETAIN_SELF = YES;
				CLANG_WARN_OBJC_LITERAL_CONVERSION = YES;
				CLANG_WARN_OBJC_ROOT_CLASS = YES_ERROR;
				CLANG_WARN_QUOTED_INCLUDE_IN_FRAMEWORK_HEADER = YES;
				CLANG_WARN_RANGE_LOOP_ANALYSIS = YES;
				CLANG_WARN_STRICT_PROTOTYPES = YES;
				CLANG_WARN_SUSPICIOUS_MOVE = YES;
				CLANG_WARN_UNGUARDED_AVAILABILITY = YES_AGGRESSIVE;
				CLANG_WARN_UNREACHABLE_CODE = YES;
				CLANG_WARN__DUPLICATE_METHOD_MATCH = YES;
				COPY_PHASE_STRIP = NO;
				DEBUG_INFORMATION_FORMAT = dwarf;
				ENABLE_STRICT_OBJC_MSGSEND = YES;
				ENABLE_TESTABILITY = YES;
				GCC_C_LANGUAGE_STANDARD = gnu11;
				GCC_DYNAMIC_NO_PIC = NO;
				GCC_NO_COMMON_BLOCKS = YES;
				GCC_OPTIMIZATION_LEVEL = 0;
				GCC_PREPROCESSOR_DEFINITIONS = (
					"DEBUG=1",
					"$(inherited)",
				);
				GCC_WARN_64_TO_32_BIT_CONVERSION = YES;
				GCC_WARN_ABOUT_RETURN_TYPE = YES_ERROR;
				GCC_WARN_UNDECLARED_SELECTOR = YES;
				GCC_WARN_UNINITIALIZED_AUTOS = YES_AGGRESSIVE;
				GCC_WARN_UNUSED_FUNCTION = YES;
				GCC_WARN_UNUSED_VARIABLE = YES;
				IPHONEOS_DEPLOYMENT_TARGET = 14.5;
				MTL_ENABLE_DEBUG_INFO = INCLUDE_SOURCE;
				MTL_FAST_MATH = YES;
				ONLY_ACTIVE_ARCH = YES;
				SDKROOT = iphoneos;
				SWIFT_ACTIVE_COMPILATION_CONDITIONS = DEBUG;
				SWIFT_OPTIMIZATION_LEVEL = "-Onone";
			};
			name = Debug;
		};
		2A85327926C10E9E00A2AE35 /* Release */ = {
			isa = XCBuildConfiguration;
			buildSettings = {
				ALWAYS_SEARCH_USER_PATHS = NO;
				CLANG_ANALYZER_NONNULL = YES;
				CLANG_ANALYZER_NUMBER_OBJECT_CONVERSION = YES_AGGRESSIVE;
				CLANG_CXX_LANGUAGE_STANDARD = "gnu++14";
				CLANG_CXX_LIBRARY = "libc++";
				CLANG_ENABLE_MODULES = YES;
				CLANG_ENABLE_OBJC_ARC = YES;
				CLANG_ENABLE_OBJC_WEAK = YES;
				CLANG_WARN_BLOCK_CAPTURE_AUTORELEASING = YES;
				CLANG_WARN_BOOL_CONVERSION = YES;
				CLANG_WARN_COMMA = YES;
				CLANG_WARN_CONSTANT_CONVERSION = YES;
				CLANG_WARN_DEPRECATED_OBJC_IMPLEMENTATIONS = YES;
				CLANG_WARN_DIRECT_OBJC_ISA_USAGE = YES_ERROR;
				CLANG_WARN_DOCUMENTATION_COMMENTS = YES;
				CLANG_WARN_EMPTY_BODY = YES;
				CLANG_WARN_ENUM_CONVERSION = YES;
				CLANG_WARN_INFINITE_RECURSION = YES;
				CLANG_WARN_INT_CONVERSION = YES;
				CLANG_WARN_NON_LITERAL_NULL_CONVERSION = YES;
				CLANG_WARN_OBJC_IMPLICIT_RETAIN_SELF = YES;
				CLANG_WARN_OBJC_LITERAL_CONVERSION = YES;
				CLANG_WARN_OBJC_ROOT_CLASS = YES_ERROR;
				CLANG_WARN_QUOTED_INCLUDE_IN_FRAMEWORK_HEADER = YES;
				CLANG_WARN_RANGE_LOOP_ANALYSIS = YES;
				CLANG_WARN_STRICT_PROTOTYPES = YES;
				CLANG_WARN_SUSPICIOUS_MOVE = YES;
				CLANG_WARN_UNGUARDED_AVAILABILITY = YES_AGGRESSIVE;
				CLANG_WARN_UNREACHABLE_CODE = YES;
				CLANG_WARN__DUPLICATE_METHOD_MATCH = YES;
				COPY_PHASE_STRIP = NO;
				DEBUG_INFORMATION_FORMAT = "dwarf-with-dsym";
				ENABLE_NS_ASSERTIONS = NO;
				ENABLE_STRICT_OBJC_MSGSEND = YES;
				GCC_C_LANGUAGE_STANDARD = gnu11;
				GCC_NO_COMMON_BLOCKS = YES;
				GCC_WARN_64_TO_32_BIT_CONVERSION = YES;
				GCC_WARN_ABOUT_RETURN_TYPE = YES_ERROR;
				GCC_WARN_UNDECLARED_SELECTOR = YES;
				GCC_WARN_UNINITIALIZED_AUTOS = YES_AGGRESSIVE;
				GCC_WARN_UNUSED_FUNCTION = YES;
				GCC_WARN_UNUSED_VARIABLE = YES;
				IPHONEOS_DEPLOYMENT_TARGET = 14.5;
				MTL_ENABLE_DEBUG_INFO = NO;
				MTL_FAST_MATH = YES;
				SDKROOT = iphoneos;
				SWIFT_COMPILATION_MODE = wholemodule;
				SWIFT_OPTIMIZATION_LEVEL = "-O";
				VALIDATE_PRODUCT = YES;
			};
			name = Release;
		};
		2A85327B26C10E9E00A2AE35 /* Debug */ = {
			isa = XCBuildConfiguration;
			buildSettings = {
				ASSETCATALOG_COMPILER_APPICON_NAME = AppIcon;
				ASSETCATALOG_COMPILER_GLOBAL_ACCENT_COLOR_NAME = AccentColor;
				CODE_SIGN_STYLE = Automatic;
				DEVELOPMENT_TEAM = 68P2WV4DR3;
				INFOPLIST_FILE = Tab/Info.plist;
				LD_RUNPATH_SEARCH_PATHS = (
					"$(inherited)",
					"@executable_path/Frameworks",
				);
				PRODUCT_BUNDLE_IDENTIFIER = com.test.Tab;
				PRODUCT_NAME = "$(TARGET_NAME)";
				SWIFT_VERSION = 5.0;
				TARGETED_DEVICE_FAMILY = "1,2";
			};
			name = Debug;
		};
		2A85327C26C10E9E00A2AE35 /* Release */ = {
			isa = XCBuildConfiguration;
			buildSettings = {
				ASSETCATALOG_COMPILER_APPICON_NAME = AppIcon;
				ASSETCATALOG_COMPILER_GLOBAL_ACCENT_COLOR_NAME = AccentColor;
				CODE_SIGN_STYLE = Automatic;
				DEVELOPMENT_TEAM = 68P2WV4DR3;
				INFOPLIST_FILE = Tab/Info.plist;
				LD_RUNPATH_SEARCH_PATHS = (
					"$(inherited)",
					"@executable_path/Frameworks",
				);
				PRODUCT_BUNDLE_IDENTIFIER = com.test.Tab;
				PRODUCT_NAME = "$(TARGET_NAME)";
				SWIFT_VERSION = 5.0;
				TARGETED_DEVICE_FAMILY = "1,2";
			};
			name = Release;
		};
/* End XCBuildConfiguration section */

/* Begin XCConfigurationList section */
		2A85326126C10E9D00A2AE35 /* Build configuration list for PBXProject "Tab" */ = {
			isa = XCConfigurationList;
			buildConfigurations = (
				2A85327826C10E9E00A2AE35 /* Debug */,
				2A85327926C10E9E00A2AE35 /* Release */,
			);
			defaultConfigurationIsVisible = 0;
			defaultConfigurationName = Release;
		};
		2A85327A26C10E9E00A2AE35 /* Build configuration list for PBXNativeTarget "Tab" */ = {
			isa = XCConfigurationList;
			buildConfigurations = (
				2A85327B26C10E9E00A2AE35 /* Debug */,
				2A85327C26C10E9E00A2AE35 /* Release */,
			);
			defaultConfigurationIsVisible = 0;
			defaultConfigurationName = Release;
		};
/* End XCConfigurationList section */
	};
	rootObject = 2A85325E26C10E9D00A2AE35 /* Project object */;
}
